
Microsoft Visual Studio Solution File, Format Version 12.00
# Visual Studio Version 17
VisualStudioVersion = 17.8.34511.84
MinimumVisualStudioVersion = 10.0.40219.1
Project("{FAE04EC0-301F-11D3-BF4B-00C04F79EFBC}") = "WorkPlanner", "WorkPlanner\WorkPlanner.csproj", "{4866E479-A9DC-42E3-9568-385C111CACFC}"
EndProject
Global
	GlobalSection(SolutionConfigurationPlatforms) = preSolution
		Debug|Any CPU = Debug|Any CPU
		Release|Any CPU = Release|Any CPU
	EndGlobalSection
	GlobalSection(ProjectConfigurationPlatforms) = postSolution
		{4866E479-A9DC-42E3-9568-385C111CACFC}.Debug|Any CPU.ActiveCfg = Debug|Any CPU
		{4866E479-A9DC-42E3-9568-385C111CACFC}.Debug|Any CPU.Build.0 = Debug|Any CPU
		{4866E479-A9DC-42E3-9568-385C111CACFC}.Release|Any CPU.ActiveCfg = Release|Any CPU
		{4866E479-A9DC-42E3-9568-385C111CACFC}.Release|Any CPU.Build.0 = Release|Any CPU
	EndGlobalSection
	GlobalSection(SolutionProperties) = preSolution
		HideSolutionNode = FALSE
	EndGlobalSection
	GlobalSection(ExtensibilityGlobals) = postSolution
		SolutionGuid = {6C759197-62BB-4E0B-91DF-2ED91E88203D}
	EndGlobalSection
EndGlobal
